
Microsoft Visual Studio Solution File, Format Version 12.00
# Visual Studio 15
VisualStudioVersion = 15.0.28010.2003
MinimumVisualStudioVersion = 10.0.40219.1
Project("{FAE04EC0-301F-11D3-BF4B-00C04F79EFBC}") = "DieteticaG3", "DieteticaG3\DieteticaG3.csproj", "{9502475F-4F6C-401C-B3E7-276651AE212D}"
EndProject
Global
	GlobalSection(SolutionConfigurationPlatforms) = preSolution
		Debug|Any CPU = Debug|Any CPU
		Release|Any CPU = Release|Any CPU
	EndGlobalSection
	GlobalSection(ProjectConfigurationPlatforms) = postSolution
		{9502475F-4F6C-401C-B3E7-276651AE212D}.Debug|Any CPU.ActiveCfg = Debug|Any CPU
		{9502475F-4F6C-401C-B3E7-276651AE212D}.Debug|Any CPU.Build.0 = Debug|Any CPU
		{9502475F-4F6C-401C-B3E7-276651AE212D}.Release|Any CPU.ActiveCfg = Release|Any CPU
		{9502475F-4F6C-401C-B3E7-276651AE212D}.Release|Any CPU.Build.0 = Release|Any CPU
	EndGlobalSection
	GlobalSection(SolutionProperties) = preSolution
		HideSolutionNode = FALSE
	EndGlobalSection
	GlobalSection(ExtensibilityGlobals) = postSolution
		SolutionGuid = {8C652950-6C08-43B7-87BF-8C5A8A3E7FE5}
	EndGlobalSection
EndGlobal
